
Microsoft Visual Studio Solution File, Format Version 11.00
# Visual Studio 2010
Project("{FAE04EC0-301F-11D3-BF4B-00C04F79EFBC}") = "CityGame", "CityGame\CityGame.csproj", "{3F6D9B75-D4C5-4351-B0B7-D7C462E48886}"
EndProject
Global
	GlobalSection(SolutionConfigurationPlatforms) = preSolution
		Debug|x86 = Debug|x86
		Release|x86 = Release|x86
	EndGlobalSection
	GlobalSection(ProjectConfigurationPlatforms) = postSolution
		{3F6D9B75-D4C5-4351-B0B7-D7C462E48886}.Debug|x86.ActiveCfg = Debug|x86
		{3F6D9B75-D4C5-4351-B0B7-D7C462E48886}.Debug|x86.Build.0 = Debug|x86
		{3F6D9B75-D4C5-4351-B0B7-D7C462E48886}.Release|x86.ActiveCfg = Release|x86
		{3F6D9B75-D4C5-4351-B0B7-D7C462E48886}.Release|x86.Build.0 = Release|x86
	EndGlobalSection
	GlobalSection(SolutionProperties) = preSolution
		HideSolutionNode = FALSE
	EndGlobalSection
	GlobalSection(MonoDevelopProperties) = preSolution
		Policies = $0
		$0.DotNetNamingPolicy = $1
		$1.DirectoryNamespaceAssociation = None
		$1.ResourceNamePolicy = FileFormatDefault
		$0.StandardHeader = $2
		$2.Text = 
		$2.IncludeInNewFiles = True
		$0.NameConventionPolicy = $3
		$3.Rules = $4
		$4.NamingRule = $5
		$5.Name = Type Parameters
		$5.AffectedEntity = TypeParameter
		$5.VisibilityMask = VisibilityMask
		$5.NamingStyle = PascalCase
		$5.IncludeInstanceMembers = True
		$5.IncludeStaticEntities = True
		$5.RequiredPrefixes = $6
		$6.String = T
		$5.RequiredSuffixes = $7
		$7.String = Exception
		$0.VersionControlPolicy = $8
		$8.inheritsSet = Mono
	EndGlobalSection
EndGlobal
